
Microsoft Visual Studio Solution File, Format Version 12.00
# Visual Studio Version 17
VisualStudioVersion = 17.9.34723.18
MinimumVisualStudioVersion = 10.0.40219.1
Project("{9A19103F-16F7-4668-BE54-9A1E7A4F7556}") = "Spring2025_Samples", "Spring2025_Samples\Spring2025_Samples.csproj", "{8B000EBC-E610-4D5F-ABEE-E9CECF89C2D3}"
EndProject
Project("{9A19103F-16F7-4668-BE54-9A1E7A4F7556}") = "Library.eCommerce", "Library.eCommerce\Library.eCommerce.csproj", "{B113257B-6F53-4B61-B796-F733AAF021AA}"
EndProject
Project("{FAE04EC0-301F-11D3-BF4B-00C04F79EFBC}") = "Maui.eCommerce", "Maui.eCommerce\Maui.eCommerce.csproj", "{0335E701-5D1D-449A-8615-BDC200AE7C4D}"
EndProject
Global
	GlobalSection(SolutionConfigurationPlatforms) = preSolution
		Debug|Any CPU = Debug|Any CPU
		Release|Any CPU = Release|Any CPU
	EndGlobalSection
	GlobalSection(ProjectConfigurationPlatforms) = postSolution
		{8B000EBC-E610-4D5F-ABEE-E9CECF89C2D3}.Debug|Any CPU.ActiveCfg = Debug|Any CPU
		{8B000EBC-E610-4D5F-ABEE-E9CECF89C2D3}.Debug|Any CPU.Build.0 = Debug|Any CPU
		{8B000EBC-E610-4D5F-ABEE-E9CECF89C2D3}.Release|Any CPU.ActiveCfg = Release|Any CPU
		{8B000EBC-E610-4D5F-ABEE-E9CECF89C2D3}.Release|Any CPU.Build.0 = Release|Any CPU
		{B113257B-6F53-4B61-B796-F733AAF021AA}.Debug|Any CPU.ActiveCfg = Debug|Any CPU
		{B113257B-6F53-4B61-B796-F733AAF021AA}.Debug|Any CPU.Build.0 = Debug|Any CPU
		{B113257B-6F53-4B61-B796-F733AAF021AA}.Release|Any CPU.ActiveCfg = Release|Any CPU
		{B113257B-6F53-4B61-B796-F733AAF021AA}.Release|Any CPU.Build.0 = Release|Any CPU
		{0335E701-5D1D-449A-8615-BDC200AE7C4D}.Debug|Any CPU.ActiveCfg = Debug|Any CPU
		{0335E701-5D1D-449A-8615-BDC200AE7C4D}.Debug|Any CPU.Build.0 = Debug|Any CPU
		{0335E701-5D1D-449A-8615-BDC200AE7C4D}.Debug|Any CPU.Deploy.0 = Debug|Any CPU
		{0335E701-5D1D-449A-8615-BDC200AE7C4D}.Release|Any CPU.ActiveCfg = Release|Any CPU
		{0335E701-5D1D-449A-8615-BDC200AE7C4D}.Release|Any CPU.Build.0 = Release|Any CPU
		{0335E701-5D1D-449A-8615-BDC200AE7C4D}.Release|Any CPU.Deploy.0 = Release|Any CPU
	EndGlobalSection
	GlobalSection(SolutionProperties) = preSolution
		HideSolutionNode = FALSE
	EndGlobalSection
	GlobalSection(ExtensibilityGlobals) = postSolution
		SolutionGuid = {5B3D2A31-9B52-4835-98E0-CA891BFB64B4}
	EndGlobalSection
EndGlobal
